
Microsoft Visual Studio Solution File, Format Version 12.00
# Visual Studio Version 16
VisualStudioVersion = 16.0.30011.22
MinimumVisualStudioVersion = 10.0.40219.1
Project("{9A19103F-16F7-4668-BE54-9A1E7A4F7556}") = "CouponManagment", "..\SVC_CouponManagement\CouponManagment.csproj", "{EF71AF35-70D4-4A9F-A8B2-680F62E92422}"
EndProject
Project("{9A19103F-16F7-4668-BE54-9A1E7A4F7556}") = "CouponManagementDBEntity", "..\SHR_DBEntity\CouponManagementDBEntity.csproj", "{DEC0983D-4517-4B76-9FC1-EF9513BF685B}"
EndProject
Global
	GlobalSection(SolutionConfigurationPlatforms) = preSolution
		Debug|Any CPU = Debug|Any CPU
		Release|Any CPU = Release|Any CPU
	EndGlobalSection
	GlobalSection(ProjectConfigurationPlatforms) = postSolution
		{EF71AF35-70D4-4A9F-A8B2-680F62E92422}.Debug|Any CPU.ActiveCfg = Debug|Any CPU
		{EF71AF35-70D4-4A9F-A8B2-680F62E92422}.Debug|Any CPU.Build.0 = Debug|Any CPU
		{EF71AF35-70D4-4A9F-A8B2-680F62E92422}.Release|Any CPU.ActiveCfg = Release|Any CPU
		{EF71AF35-70D4-4A9F-A8B2-680F62E92422}.Release|Any CPU.Build.0 = Release|Any CPU
		{DEC0983D-4517-4B76-9FC1-EF9513BF685B}.Debug|Any CPU.ActiveCfg = Debug|Any CPU
		{DEC0983D-4517-4B76-9FC1-EF9513BF685B}.Debug|Any CPU.Build.0 = Debug|Any CPU
		{DEC0983D-4517-4B76-9FC1-EF9513BF685B}.Release|Any CPU.ActiveCfg = Release|Any CPU
		{DEC0983D-4517-4B76-9FC1-EF9513BF685B}.Release|Any CPU.Build.0 = Release|Any CPU
	EndGlobalSection
	GlobalSection(SolutionProperties) = preSolution
		HideSolutionNode = FALSE
	EndGlobalSection
	GlobalSection(ExtensibilityGlobals) = postSolution
		SolutionGuid = {E48F83E9-84A3-4A52-8907-CED38A338CE2}
	EndGlobalSection
EndGlobal
